<Solution>
  <Configurations>
    <Platform Name="x64" />
  </Configurations>
  <Folder Name="/ProjectFile/">
    <File Path="AGENTS.md" />
    <File Path="CLAUDE.md" />
    <File Path="README.md" />
    <File Path="README_EN.md" />
  </Folder>
  <Project Path="YeImageViewer/YeImageViewer.vcxproj" Id="b0d84475-f869-46b6-bb98-40e788cb86d9">
    <Deploy />
  </Project>
  <Project Path="YeThumbnailProvider/YeThumbnailProvider.vcxproj" Id="2d3868b1-7500-43ad-9d08-a43f3a433236" />
</Solution>
